{
  "requires": true,
  "lockfileVersion": 1,
  "dependencies": {
    "@types/node": {
      "version": "9.6.55",
      "resolved": "https://registry.npmjs.org/@types/node/-/node-9.6.55.tgz",
      "integrity": "sha512-e/5tg8Ok0gSrN6pvHphnwTK0/CD9VPZrtZqpvvpEFAtfs+ZntusgGaWkf2lSEq1OFe2EDPeUMiMVpy4nZpJ4AQ=="
    },
    "react-google-calendar-api": {
      "version": "1.0.11",
      "resolved": "https://registry.npmjs.org/react-google-calendar-api/-/react-google-calendar-api-1.0.11.tgz",
      "integrity": "sha512-GinuHdJHqxv65SNnxZnQ7lI1dILrmv8HtQNVxZBtKgARsMvVceDsMBL8ZtzDeA7nNk4NEYGLqH7RJj6ebohntw==",
      "requires": {
        "@types/node": "^9.6.39"
      }
    }
  }
}
